// !$*UTF8*$!
{
	archiveVersion = 1;
	classes = {
	};
	objectVersion = 56;
	objects = {

/* Begin PBXBuildFile section */
		D2DD63172F252A360070E6F7 /* NotesFeedApp.swift in Sources */ = {isa = PBXBuildFile; fileRef = D2DD63162F252A360070E6F7 /* NotesFeedApp.swift */; };
		D2DD63192F252A360070E6F7 /* ContentView.swift in Sources */ = {isa = PBXBuildFile; fileRef = D2DD63182F252A360070E6F7 /* ContentView.swift */; };
		D2DD631B2F252A390070E6F7 /* Assets.xcassets in Resources */ = {isa = PBXBuildFile; fileRef = D2DD631A2F252A390070E6F7 /* Assets.xcassets */; };
		D2DD631E2F252A390070E6F7 /* Preview Assets.xcassets in Resources */ = {isa = PBXBuildFile; fileRef = D2DD631D2F252A390070E6F7 /* Preview Assets.xcassets */; };
		D2DD63282F252A3A0070E6F7 /* NotesFeedTests.swift in Sources */ = {isa = PBXBuildFile; fileRef = D2DD63272F252A3A0070E6F7 /* NotesFeedTests.swift */; };
		D2DD63322F252A3A0070E6F7 /* NotesFeedUITests.swift in Sources */ = {isa = PBXBuildFile; fileRef = D2DD63312F252A3A0070E6F7 /* NotesFeedUITests.swift */; };
		D2DD63342F252A3A0070E6F7 /* NotesFeedUITestsLaunchTests.swift in Sources */ = {isa = PBXBuildFile; fileRef = D2DD63332F252A3A0070E6F7 /* NotesFeedUITestsLaunchTests.swift */; };
		D2DD63482F252B000070E6F7 /* Tweet.swift in Sources */ = {isa = PBXBuildFile; fileRef = D2DD63402F252B000070E6F7 /* Tweet.swift */; };
		D2DD63492F252B000070E6F7 /* Character.swift in Sources */ = {isa = PBXBuildFile; fileRef = D2DD63412F252B000070E6F7 /* Character.swift */; };
		D2DD634A2F252B000070E6F7 /* FeedService.swift in Sources */ = {isa = PBXBuildFile; fileRef = D2DD63422F252B000070E6F7 /* FeedService.swift */; };
		D2DD634B2F252B000070E6F7 /* TweetCard.swift in Sources */ = {isa = PBXBuildFile; fileRef = D2DD63432F252B000070E6F7 /* TweetCard.swift */; };
		D2DD634C2F252B000070E6F7 /* FeedView.swift in Sources */ = {isa = PBXBuildFile; fileRef = D2DD63442F252B000070E6F7 /* FeedView.swift */; };
		D2DD634D2F252B000070E6F7 /* ProfileView.swift in Sources */ = {isa = PBXBuildFile; fileRef = D2DD63452F252B000070E6F7 /* ProfileView.swift */; };
		D2DD63542F252B000070E6F7 /* LikesView.swift in Sources */ = {isa = PBXBuildFile; fileRef = D2DD63552F252B000070E6F7 /* LikesView.swift */; };
		D2DD634E2F252B000070E6F7 /* feed.json in Resources */ = {isa = PBXBuildFile; fileRef = D2DD63462F252B000070E6F7 /* feed.json */; };
		D2DD634F2F252B000070E6F7 /* characters.json in Resources */ = {isa = PBXBuildFile; fileRef = D2DD63472F252B000070E6F7 /* characters.json */; };
/* End PBXBuildFile section */

/* Begin PBXContainerItemProxy section */
		D2DD63242F252A3A0070E6F7 /* PBXContainerItemProxy */ = {
			isa = PBXContainerItemProxy;
			containerPortal = D2DD630B2F252A360070E6F7 /* Project object */;
			proxyType = 1;
			remoteGlobalIDString = D2DD63122F252A360070E6F7;
			remoteInfo = NotesFeed;
		};
		D2DD632E2F252A3A0070E6F7 /* PBXContainerItemProxy */ = {
			isa = PBXContainerItemProxy;
			containerPortal = D2DD630B2F252A360070E6F7 /* Project object */;
			proxyType = 1;
			remoteGlobalIDString = D2DD63122F252A360070E6F7;
			remoteInfo = NotesFeed;
		};
/* End PBXContainerItemProxy section */

/* Begin PBXFileReference section */
		D2DD63132F252A360070E6F7 /* NotesFeed.app */ = {isa = PBXFileReference; explicitFileType = wrapper.application; includeInIndex = 0; path = NotesFeed.app; sourceTree = BUILT_PRODUCTS_DIR; };
		D2DD63162F252A360070E6F7 /* NotesFeedApp.swift */ = {isa = PBXFileReference; lastKnownFileType = sourcecode.swift; path = NotesFeedApp.swift; sourceTree = "<group>"; };
		D2DD63182F252A360070E6F7 /* ContentView.swift */ = {isa = PBXFileReference; lastKnownFileType = sourcecode.swift; path = ContentView.swift; sourceTree = "<group>"; };
		D2DD631A2F252A390070E6F7 /* Assets.xcassets */ = {isa = PBXFileReference; lastKnownFileType = folder.assetcatalog; path = Assets.xcassets; sourceTree = "<group>"; };
		D2DD631D2F252A390070E6F7 /* Preview Assets.xcassets */ = {isa = PBXFileReference; lastKnownFileType = folder.assetcatalog; path = "Preview Assets.xcassets"; sourceTree = "<group>"; };
		D2DD63232F252A3A0070E6F7 /* NotesFeedTests.xctest */ = {isa = PBXFileReference; explicitFileType = wrapper.cfbundle; includeInIndex = 0; path = NotesFeedTests.xctest; sourceTree = BUILT_PRODUCTS_DIR; };
		D2DD63272F252A3A0070E6F7 /* NotesFeedTests.swift */ = {isa = PBXFileReference; lastKnownFileType = sourcecode.swift; path = NotesFeedTests.swift; sourceTree = "<group>"; };
		D2DD632D2F252A3A0070E6F7 /* NotesFeedUITests.xctest */ = {isa = PBXFileReference; explicitFileType = wrapper.cfbundle; includeInIndex = 0; path = NotesFeedUITests.xctest; sourceTree = BUILT_PRODUCTS_DIR; };
		D2DD63312F252A3A0070E6F7 /* NotesFeedUITests.swift */ = {isa = PBXFileReference; lastKnownFileType = sourcecode.swift; path = NotesFeedUITests.swift; sourceTree = "<group>"; };
		D2DD63332F252A3A0070E6F7 /* NotesFeedUITestsLaunchTests.swift */ = {isa = PBXFileReference; lastKnownFileType = sourcecode.swift; path = NotesFeedUITestsLaunchTests.swift; sourceTree = "<group>"; };
		D2DD63402F252B000070E6F7 /* Tweet.swift */ = {isa = PBXFileReference; lastKnownFileType = sourcecode.swift; path = Tweet.swift; sourceTree = "<group>"; };
		D2DD63412F252B000070E6F7 /* Character.swift */ = {isa = PBXFileReference; lastKnownFileType = sourcecode.swift; path = Character.swift; sourceTree = "<group>"; };
		D2DD63422F252B000070E6F7 /* FeedService.swift */ = {isa = PBXFileReference; lastKnownFileType = sourcecode.swift; path = FeedService.swift; sourceTree = "<group>"; };
		D2DD63432F252B000070E6F7 /* TweetCard.swift */ = {isa = PBXFileReference; lastKnownFileType = sourcecode.swift; path = TweetCard.swift; sourceTree = "<group>"; };
		D2DD63442F252B000070E6F7 /* FeedView.swift */ = {isa = PBXFileReference; lastKnownFileType = sourcecode.swift; path = FeedView.swift; sourceTree = "<group>"; };
		D2DD63452F252B000070E6F7 /* ProfileView.swift */ = {isa = PBXFileReference; lastKnownFileType = sourcecode.swift; path = ProfileView.swift; sourceTree = "<group>"; };
		D2DD63552F252B000070E6F7 /* LikesView.swift */ = {isa = PBXFileReference; lastKnownFileType = sourcecode.swift; path = LikesView.swift; sourceTree = "<group>"; };
		D2DD63462F252B000070E6F7 /* feed.json */ = {isa = PBXFileReference; lastKnownFileType = text.json; path = feed.json; sourceTree = "<group>"; };
		D2DD63472F252B000070E6F7 /* characters.json */ = {isa = PBXFileReference; lastKnownFileType = text.json; path = characters.json; sourceTree = "<group>"; };
/* End PBXFileReference section */

/* Begin PBXFrameworksBuildPhase section */
		D2DD63102F252A360070E6F7 /* Frameworks */ = {
			isa = PBXFrameworksBuildPhase;
			buildActionMask = 2147483647;
			files = (
			);
			runOnlyForDeploymentPostprocessing = 0;
		};
		D2DD63202F252A3A0070E6F7 /* Frameworks */ = {
			isa = PBXFrameworksBuildPhase;
			buildActionMask = 2147483647;
			files = (
			);
			runOnlyForDeploymentPostprocessing = 0;
		};
		D2DD632A2F252A3A0070E6F7 /* Frameworks */ = {
			isa = PBXFrameworksBuildPhase;
			buildActionMask = 2147483647;
			files = (
			);
			runOnlyForDeploymentPostprocessing = 0;
		};
/* End PBXFrameworksBuildPhase section */

/* Begin PBXGroup section */
		D2DD630A2F252A360070E6F7 = {
			isa = PBXGroup;
			children = (
				D2DD63152F252A360070E6F7 /* NotesFeed */,
				D2DD63262F252A3A0070E6F7 /* NotesFeedTests */,
				D2DD63302F252A3A0070E6F7 /* NotesFeedUITests */,
				D2DD63142F252A360070E6F7 /* Products */,
			);
			sourceTree = "<group>";
		};
		D2DD63142F252A360070E6F7 /* Products */ = {
			isa = PBXGroup;
			children = (
				D2DD63132F252A360070E6F7 /* NotesFeed.app */,
				D2DD63232F252A3A0070E6F7 /* NotesFeedTests.xctest */,
				D2DD632D2F252A3A0070E6F7 /* NotesFeedUITests.xctest */,
			);
			name = Products;
			sourceTree = "<group>";
		};
		D2DD63152F252A360070E6F7 /* NotesFeed */ = {
			isa = PBXGroup;
			children = (
				D2DD63162F252A360070E6F7 /* NotesFeedApp.swift */,
				D2DD63182F252A360070E6F7 /* ContentView.swift */,
				D2DD63502F252B000070E6F7 /* Models */,
				D2DD63512F252B000070E6F7 /* Services */,
				D2DD63522F252B000070E6F7 /* Views */,
				D2DD63532F252B000070E6F7 /* Resources */,
				D2DD631A2F252A390070E6F7 /* Assets.xcassets */,
				D2DD631C2F252A390070E6F7 /* Preview Content */,
			);
			path = NotesFeed;
			sourceTree = "<group>";
		};
		D2DD63502F252B000070E6F7 /* Models */ = {
			isa = PBXGroup;
			children = (
				D2DD63402F252B000070E6F7 /* Tweet.swift */,
				D2DD63412F252B000070E6F7 /* Character.swift */,
			);
			path = Models;
			sourceTree = "<group>";
		};
		D2DD63512F252B000070E6F7 /* Services */ = {
			isa = PBXGroup;
			children = (
				D2DD63422F252B000070E6F7 /* FeedService.swift */,
			);
			path = Services;
			sourceTree = "<group>";
		};
		D2DD63522F252B000070E6F7 /* Views */ = {
			isa = PBXGroup;
			children = (
				D2DD63432F252B000070E6F7 /* TweetCard.swift */,
				D2DD63442F252B000070E6F7 /* FeedView.swift */,
				D2DD63452F252B000070E6F7 /* ProfileView.swift */,
				D2DD63552F252B000070E6F7 /* LikesView.swift */,
			);
			path = Views;
			sourceTree = "<group>";
		};
		D2DD63532F252B000070E6F7 /* Resources */ = {
			isa = PBXGroup;
			children = (
				D2DD63462F252B000070E6F7 /* feed.json */,
				D2DD63472F252B000070E6F7 /* characters.json */,
			);
			path = Resources;
			sourceTree = "<group>";
		};
		D2DD631C2F252A390070E6F7 /* Preview Content */ = {
			isa = PBXGroup;
			children = (
				D2DD631D2F252A390070E6F7 /* Preview Assets.xcassets */,
			);
			path = "Preview Content";
			sourceTree = "<group>";
		};
		D2DD63262F252A3A0070E6F7 /* NotesFeedTests */ = {
			isa = PBXGroup;
			children = (
				D2DD63272F252A3A0070E6F7 /* NotesFeedTests.swift */,
			);
			path = NotesFeedTests;
			sourceTree = "<group>";
		};
		D2DD63302F252A3A0070E6F7 /* NotesFeedUITests */ = {
			isa = PBXGroup;
			children = (
				D2DD63312F252A3A0070E6F7 /* NotesFeedUITests.swift */,
				D2DD63332F252A3A0070E6F7 /* NotesFeedUITestsLaunchTests.swift */,
			);
			path = NotesFeedUITests;
			sourceTree = "<group>";
		};
/* End PBXGroup section */

/* Begin PBXNativeTarget section */
		D2DD63122F252A360070E6F7 /* NotesFeed */ = {
			isa = PBXNativeTarget;
			buildConfigurationList = D2DD63372F252A3A0070E6F7 /* Build configuration list for PBXNativeTarget "NotesFeed" */;
			buildPhases = (
				D2DD630F2F252A360070E6F7 /* Sources */,
				D2DD63102F252A360070E6F7 /* Frameworks */,
				D2DD63112F252A360070E6F7 /* Resources */,
			);
			buildRules = (
			);
			dependencies = (
			);
			name = NotesFeed;
			productName = NotesFeed;
			productReference = D2DD63132F252A360070E6F7 /* NotesFeed.app */;
			productType = "com.apple.product-type.application";
		};
		D2DD63222F252A3A0070E6F7 /* NotesFeedTests */ = {
			isa = PBXNativeTarget;
			buildConfigurationList = D2DD633A2F252A3A0070E6F7 /* Build configuration list for PBXNativeTarget "NotesFeedTests" */;
			buildPhases = (
				D2DD631F2F252A3A0070E6F7 /* Sources */,
				D2DD63202F252A3A0070E6F7 /* Frameworks */,
				D2DD63212F252A3A0070E6F7 /* Resources */,
			);
			buildRules = (
			);
			dependencies = (
				D2DD63252F252A3A0070E6F7 /* PBXTargetDependency */,
			);
			name = NotesFeedTests;
			productName = NotesFeedTests;
			productReference = D2DD63232F252A3A0070E6F7 /* NotesFeedTests.xctest */;
			productType = "com.apple.product-type.bundle.unit-test";
		};
		D2DD632C2F252A3A0070E6F7 /* NotesFeedUITests */ = {
			isa = PBXNativeTarget;
			buildConfigurationList = D2DD633D2F252A3A0070E6F7 /* Build configuration list for PBXNativeTarget "NotesFeedUITests" */;
			buildPhases = (
				D2DD63292F252A3A0070E6F7 /* Sources */,
				D2DD632A2F252A3A0070E6F7 /* Frameworks */,
				D2DD632B2F252A3A0070E6F7 /* Resources */,
			);
			buildRules = (
			);
			dependencies = (
				D2DD632F2F252A3A0070E6F7 /* PBXTargetDependency */,
			);
			name = NotesFeedUITests;
			productName = NotesFeedUITests;
			productReference = D2DD632D2F252A3A0070E6F7 /* NotesFeedUITests.xctest */;
			productType = "com.apple.product-type.bundle.ui-testing";
		};
/* End PBXNativeTarget section */

/* Begin PBXProject section */
		D2DD630B2F252A360070E6F7 /* Project object */ = {
			isa = PBXProject;
			attributes = {
				BuildIndependentTargetsInParallel = 1;
				LastSwiftUpdateCheck = 1540;
				LastUpgradeCheck = 1540;
				TargetAttributes = {
					D2DD63122F252A360070E6F7 = {
						CreatedOnToolsVersion = 15.4;
					};
					D2DD63222F252A3A0070E6F7 = {
						CreatedOnToolsVersion = 15.4;
						TestTargetID = D2DD63122F252A360070E6F7;
					};
					D2DD632C2F252A3A0070E6F7 = {
						CreatedOnToolsVersion = 15.4;
						TestTargetID = D2DD63122F252A360070E6F7;
					};
				};
			};
			buildConfigurationList = D2DD630E2F252A360070E6F7 /* Build configuration list for PBXProject "NotesFeed" */;
			compatibilityVersion = "Xcode 14.0";
			developmentRegion = en;
			hasScannedForEncodings = 0;
			knownRegions = (
				en,
				Base,
			);
			mainGroup = D2DD630A2F252A360070E6F7;
			productRefGroup = D2DD63142F252A360070E6F7 /* Products */;
			projectDirPath = "";
			projectRoot = "";
			targets = (
				D2DD63122F252A360070E6F7 /* NotesFeed */,
				D2DD63222F252A3A0070E6F7 /* NotesFeedTests */,
				D2DD632C2F252A3A0070E6F7 /* NotesFeedUITests */,
			);
		};
/* End PBXProject section */

/* Begin PBXResourcesBuildPhase section */
		D2DD63112F252A360070E6F7 /* Resources */ = {
			isa = PBXResourcesBuildPhase;
			buildActionMask = 2147483647;
			files = (
				D2DD631E2F252A390070E6F7 /* Preview Assets.xcassets in Resources */,
				D2DD631B2F252A390070E6F7 /* Assets.xcassets in Resources */,
				D2DD634E2F252B000070E6F7 /* feed.json in Resources */,
				D2DD634F2F252B000070E6F7 /* characters.json in Resources */,
			);
			runOnlyForDeploymentPostprocessing = 0;
		};
		D2DD63212F252A3A0070E6F7 /* Resources */ = {
			isa = PBXResourcesBuildPhase;
			buildActionMask = 2147483647;
			files = (
			);
			runOnlyForDeploymentPostprocessing = 0;
		};
		D2DD632B2F252A3A0070E6F7 /* Resources */ = {
			isa = PBXResourcesBuildPhase;
			buildActionMask = 2147483647;
			files = (
			);
			runOnlyForDeploymentPostprocessing = 0;
		};
/* End PBXResourcesBuildPhase section */

/* Begin PBXSourcesBuildPhase section */
		D2DD630F2F252A360070E6F7 /* Sources */ = {
			isa = PBXSourcesBuildPhase;
			buildActionMask = 2147483647;
			files = (
				D2DD63192F252A360070E6F7 /* ContentView.swift in Sources */,
				D2DD63172F252A360070E6F7 /* NotesFeedApp.swift in Sources */,
				D2DD63482F252B000070E6F7 /* Tweet.swift in Sources */,
				D2DD63492F252B000070E6F7 /* Character.swift in Sources */,
				D2DD634A2F252B000070E6F7 /* FeedService.swift in Sources */,
				D2DD634B2F252B000070E6F7 /* TweetCard.swift in Sources */,
				D2DD634C2F252B000070E6F7 /* FeedView.swift in Sources */,
				D2DD634D2F252B000070E6F7 /* ProfileView.swift in Sources */,
				D2DD63542F252B000070E6F7 /* LikesView.swift in Sources */,
			);
			runOnlyForDeploymentPostprocessing = 0;
		};
		D2DD631F2F252A3A0070E6F7 /* Sources */ = {
			isa = PBXSourcesBuildPhase;
			buildActionMask = 2147483647;
			files = (
				D2DD63282F252A3A0070E6F7 /* NotesFeedTests.swift in Sources */,
			);
			runOnlyForDeploymentPostprocessing = 0;
		};
		D2DD63292F252A3A0070E6F7 /* Sources */ = {
			isa = PBXSourcesBuildPhase;
			buildActionMask = 2147483647;
			files = (
				D2DD63342F252A3A0070E6F7 /* NotesFeedUITestsLaunchTests.swift in Sources */,
				D2DD63322F252A3A0070E6F7 /* NotesFeedUITests.swift in Sources */,
			);
			runOnlyForDeploymentPostprocessing = 0;
		};
/* End PBXSourcesBuildPhase section */

/* Begin PBXTargetDependency section */
		D2DD63252F252A3A0070E6F7 /* PBXTargetDependency */ = {
			isa = PBXTargetDependency;
			target = D2DD63122F252A360070E6F7 /* NotesFeed */;
			targetProxy = D2DD63242F252A3A0070E6F7 /* PBXContainerItemProxy */;
		};
		D2DD632F2F252A3A0070E6F7 /* PBXTargetDependency */ = {
			isa = PBXTargetDependency;
			target = D2DD63122F252A360070E6F7 /* NotesFeed */;
			targetProxy = D2DD632E2F252A3A0070E6F7 /* PBXContainerItemProxy */;
		};
/* End PBXTargetDependency section */

/* Begin XCBuildConfiguration section */
		D2DD63352F252A3A0070E6F7 /* Debug */ = {
			isa = XCBuildConfiguration;
			buildSettings = {
				ALWAYS_SEARCH_USER_PATHS = NO;
				ASSETCATALOG_COMPILER_GENERATE_SWIFT_ASSET_SYMBOL_EXTENSIONS = YES;
				CLANG_ANALYZER_NONNULL = YES;
				CLANG_ANALYZER_NUMBER_OBJECT_CONVERSION = YES_AGGRESSIVE;
				CLANG_CXX_LANGUAGE_STANDARD = "gnu++20";
				CLANG_ENABLE_MODULES = YES;
				CLANG_ENABLE_OBJC_ARC = YES;
				CLANG_ENABLE_OBJC_WEAK = YES;
				CLANG_WARN_BLOCK_CAPTURE_AUTORELEASING = YES;
				CLANG_WARN_BOOL_CONVERSION = YES;
				CLANG_WARN_COMMA = YES;
				CLANG_WARN_CONSTANT_CONVERSION = YES;
				CLANG_WARN_DEPRECATED_OBJC_IMPLEMENTATIONS = YES;
				CLANG_WARN_DIRECT_OBJC_ISA_USAGE = YES_ERROR;
				CLANG_WARN_DOCUMENTATION_COMMENTS = YES;
				CLANG_WARN_EMPTY_BODY = YES;
				CLANG_WARN_ENUM_CONVERSION = YES;
				CLANG_WARN_INFINITE_RECURSION = YES;
				CLANG_WARN_INT_CONVERSION = YES;
				CLANG_WARN_NON_LITERAL_NULL_CONVERSION = YES;
				CLANG_WARN_OBJC_IMPLICIT_RETAIN_SELF = YES;
				CLANG_WARN_OBJC_LITERAL_CONVERSION = YES;
				CLANG_WARN_OBJC_ROOT_CLASS = YES_ERROR;
				CLANG_WARN_QUOTED_INCLUDE_IN_FRAMEWORK_HEADER = YES;
				CLANG_WARN_RANGE_LOOP_ANALYSIS = YES;
				CLANG_WARN_STRICT_PROTOTYPES = YES;
				CLANG_WARN_SUSPICIOUS_MOVE = YES;
				CLANG_WARN_UNGUARDED_AVAILABILITY = YES_AGGRESSIVE;
				CLANG_WARN_UNREACHABLE_CODE = YES;
				CLANG_WARN__DUPLICATE_METHOD_MATCH = YES;
				COPY_PHASE_STRIP = NO;
				DEBUG_INFORMATION_FORMAT = dwarf;
				ENABLE_STRICT_OBJC_MSGSEND = YES;
				ENABLE_TESTABILITY = YES;
				ENABLE_USER_SCRIPT_SANDBOXING = YES;
				GCC_C_LANGUAGE_STANDARD = gnu17;
				GCC_DYNAMIC_NO_PIC = NO;
				GCC_NO_COMMON_BLOCKS = YES;
				GCC_OPTIMIZATION_LEVEL = 0;
				GCC_PREPROCESSOR_DEFINITIONS = (
					"DEBUG=1",
					"$(inherited)",
				);
				GCC_WARN_64_TO_32_BIT_CONVERSION = YES;
				GCC_WARN_ABOUT_RETURN_TYPE = YES_ERROR;
				GCC_WARN_UNDECLARED_SELECTOR = YES;
				GCC_WARN_UNINITIALIZED_AUTOS = YES_AGGRESSIVE;
				GCC_WARN_UNUSED_FUNCTION = YES;
				GCC_WARN_UNUSED_VARIABLE = YES;
				IPHONEOS_DEPLOYMENT_TARGET = 17.5;
				LOCALIZATION_PREFERS_STRING_CATALOGS = YES;
				MTL_ENABLE_DEBUG_INFO = INCLUDE_SOURCE;
				MTL_FAST_MATH = YES;
				ONLY_ACTIVE_ARCH = YES;
				SDKROOT = iphoneos;
				SWIFT_ACTIVE_COMPILATION_CONDITIONS = "DEBUG $(inherited)";
				SWIFT_OPTIMIZATION_LEVEL = "-Onone";
			};
			name = Debug;
		};
		D2DD63362F252A3A0070E6F7 /* Release */ = {
			isa = XCBuildConfiguration;
			buildSettings = {
				ALWAYS_SEARCH_USER_PATHS = NO;
				ASSETCATALOG_COMPILER_GENERATE_SWIFT_ASSET_SYMBOL_EXTENSIONS = YES;
				CLANG_ANALYZER_NONNULL = YES;
				CLANG_ANALYZER_NUMBER_OBJECT_CONVERSION = YES_AGGRESSIVE;
				CLANG_CXX_LANGUAGE_STANDARD = "gnu++20";
				CLANG_ENABLE_MODULES = YES;
				CLANG_ENABLE_OBJC_ARC = YES;
				CLANG_ENABLE_OBJC_WEAK = YES;
				CLANG_WARN_BLOCK_CAPTURE_AUTORELEASING = YES;
				CLANG_WARN_BOOL_CONVERSION = YES;
				CLANG_WARN_COMMA = YES;
				CLANG_WARN_CONSTANT_CONVERSION = YES;
				CLANG_WARN_DEPRECATED_OBJC_IMPLEMENTATIONS = YES;
				CLANG_WARN_DIRECT_OBJC_ISA_USAGE = YES_ERROR;
				CLANG_WARN_DOCUMENTATION_COMMENTS = YES;
				CLANG_WARN_EMPTY_BODY = YES;
				CLANG_WARN_ENUM_CONVERSION = YES;
				CLANG_WARN_INFINITE_RECURSION = YES;
				CLANG_WARN_INT_CONVERSION = YES;
				CLANG_WARN_NON_LITERAL_NULL_CONVERSION = YES;
				CLANG_WARN_OBJC_IMPLICIT_RETAIN_SELF = YES;
				CLANG_WARN_OBJC_LITERAL_CONVERSION = YES;
				CLANG_WARN_OBJC_ROOT_CLASS = YES_ERROR;
				CLANG_WARN_QUOTED_INCLUDE_IN_FRAMEWORK_HEADER = YES;
				CLANG_WARN_RANGE_LOOP_ANALYSIS = YES;
				CLANG_WARN_STRICT_PROTOTYPES = YES;
				CLANG_WARN_SUSPICIOUS_MOVE = YES;
				CLANG_WARN_UNGUARDED_AVAILABILITY = YES_AGGRESSIVE;
				CLANG_WARN_UNREACHABLE_CODE = YES;
				CLANG_WARN__DUPLICATE_METHOD_MATCH = YES;
				COPY_PHASE_STRIP = NO;
				DEBUG_INFORMATION_FORMAT = "dwarf-with-dsym";
				ENABLE_NS_ASSERTIONS = NO;
				ENABLE_STRICT_OBJC_MSGSEND = YES;
				ENABLE_USER_SCRIPT_SANDBOXING = YES;
				GCC_C_LANGUAGE_STANDARD = gnu17;
				GCC_NO_COMMON_BLOCKS = YES;
				GCC_WARN_64_TO_32_BIT_CONVERSION = YES;
				GCC_WARN_ABOUT_RETURN_TYPE = YES_ERROR;
				GCC_WARN_UNDECLARED_SELECTOR = YES;
				GCC_WARN_UNINITIALIZED_AUTOS = YES_AGGRESSIVE;
				GCC_WARN_UNUSED_FUNCTION = YES;
				GCC_WARN_UNUSED_VARIABLE = YES;
				IPHONEOS_DEPLOYMENT_TARGET = 17.5;
				LOCALIZATION_PREFERS_STRING_CATALOGS = YES;
				MTL_ENABLE_DEBUG_INFO = NO;
				MTL_FAST_MATH = YES;
				SDKROOT = iphoneos;
				SWIFT_COMPILATION_MODE = wholemodule;
				VALIDATE_PRODUCT = YES;
			};
			name = Release;
		};
		D2DD63382F252A3A0070E6F7 /* Debug */ = {
			isa = XCBuildConfiguration;
			buildSettings = {
				ASSETCATALOG_COMPILER_APPICON_NAME = AppIcon;
				ASSETCATALOG_COMPILER_GLOBAL_ACCENT_COLOR_NAME = AccentColor;
				CODE_SIGN_STYLE = Automatic;
				CURRENT_PROJECT_VERSION = 1;
				DEVELOPMENT_ASSET_PATHS = "\"NotesFeed/Preview Content\"";
				DEVELOPMENT_TEAM = NTE4HBA2U8;
				ENABLE_PREVIEWS = YES;
				GENERATE_INFOPLIST_FILE = YES;
				INFOPLIST_KEY_UIApplicationSceneManifest_Generation = YES;
				INFOPLIST_KEY_UIApplicationSupportsIndirectInputEvents = YES;
				INFOPLIST_KEY_UILaunchScreen_Generation = YES;
				INFOPLIST_KEY_UISupportedInterfaceOrientations_iPad = "UIInterfaceOrientationPortrait UIInterfaceOrientationPortraitUpsideDown UIInterfaceOrientationLandscapeLeft UIInterfaceOrientationLandscapeRight";
				INFOPLIST_KEY_UISupportedInterfaceOrientations_iPhone = "UIInterfaceOrientationPortrait UIInterfaceOrientationLandscapeLeft UIInterfaceOrientationLandscapeRight";
				LD_RUNPATH_SEARCH_PATHS = (
					"$(inherited)",
					"@executable_path/Frameworks",
				);
				MARKETING_VERSION = 1.0;
				PRODUCT_BUNDLE_IDENTIFIER = com.klsandbox.NotesFeed;
				PRODUCT_NAME = "$(TARGET_NAME)";
				SWIFT_EMIT_LOC_STRINGS = YES;
				SWIFT_VERSION = 5.0;
				TARGETED_DEVICE_FAMILY = "1,2";
			};
			name = Debug;
		};
		D2DD63392F252A3A0070E6F7 /* Release */ = {
			isa = XCBuildConfiguration;
			buildSettings = {
				ASSETCATALOG_COMPILER_APPICON_NAME = AppIcon;
				ASSETCATALOG_COMPILER_GLOBAL_ACCENT_COLOR_NAME = AccentColor;
				CODE_SIGN_STYLE = Automatic;
				CURRENT_PROJECT_VERSION = 1;
				DEVELOPMENT_ASSET_PATHS = "\"NotesFeed/Preview Content\"";
				DEVELOPMENT_TEAM = NTE4HBA2U8;
				ENABLE_PREVIEWS = YES;
				GENERATE_INFOPLIST_FILE = YES;
				INFOPLIST_KEY_UIApplicationSceneManifest_Generation = YES;
				INFOPLIST_KEY_UIApplicationSupportsIndirectInputEvents = YES;
				INFOPLIST_KEY_UILaunchScreen_Generation = YES;
				INFOPLIST_KEY_UISupportedInterfaceOrientations_iPad = "UIInterfaceOrientationPortrait UIInterfaceOrientationPortraitUpsideDown UIInterfaceOrientationLandscapeLeft UIInterfaceOrientationLandscapeRight";
				INFOPLIST_KEY_UISupportedInterfaceOrientations_iPhone = "UIInterfaceOrientationPortrait UIInterfaceOrientationLandscapeLeft UIInterfaceOrientationLandscapeRight";
				LD_RUNPATH_SEARCH_PATHS = (
					"$(inherited)",
					"@executable_path/Frameworks",
				);
				MARKETING_VERSION = 1.0;
				PRODUCT_BUNDLE_IDENTIFIER = com.klsandbox.NotesFeed;
				PRODUCT_NAME = "$(TARGET_NAME)";
				SWIFT_EMIT_LOC_STRINGS = YES;
				SWIFT_VERSION = 5.0;
				TARGETED_DEVICE_FAMILY = "1,2";
			};
			name = Release;
		};
		D2DD633B2F252A3A0070E6F7 /* Debug */ = {
			isa = XCBuildConfiguration;
			buildSettings = {
				ALWAYS_EMBED_SWIFT_STANDARD_LIBRARIES = YES;
				BUNDLE_LOADER = "$(TEST_HOST)";
				CODE_SIGN_STYLE = Automatic;
				CURRENT_PROJECT_VERSION = 1;
				DEVELOPMENT_TEAM = NTE4HBA2U8;
				GENERATE_INFOPLIST_FILE = YES;
				IPHONEOS_DEPLOYMENT_TARGET = 17.5;
				MARKETING_VERSION = 1.0;
				PRODUCT_BUNDLE_IDENTIFIER = com.klsandbox.NotesFeedTests;
				PRODUCT_NAME = "$(TARGET_NAME)";
				SWIFT_EMIT_LOC_STRINGS = NO;
				SWIFT_VERSION = 5.0;
				TARGETED_DEVICE_FAMILY = "1,2";
				TEST_HOST = "$(BUILT_PRODUCTS_DIR)/NotesFeed.app/$(BUNDLE_EXECUTABLE_FOLDER_PATH)/NotesFeed";
			};
			name = Debug;
		};
		D2DD633C2F252A3A0070E6F7 /* Release */ = {
			isa = XCBuildConfiguration;
			buildSettings = {
				ALWAYS_EMBED_SWIFT_STANDARD_LIBRARIES = YES;
				BUNDLE_LOADER = "$(TEST_HOST)";
				CODE_SIGN_STYLE = Automatic;
				CURRENT_PROJECT_VERSION = 1;
				DEVELOPMENT_TEAM = NTE4HBA2U8;
				GENERATE_INFOPLIST_FILE = YES;
				IPHONEOS_DEPLOYMENT_TARGET = 17.5;
				MARKETING_VERSION = 1.0;
				PRODUCT_BUNDLE_IDENTIFIER = com.klsandbox.NotesFeedTests;
				PRODUCT_NAME = "$(TARGET_NAME)";
				SWIFT_EMIT_LOC_STRINGS = NO;
				SWIFT_VERSION = 5.0;
				TARGETED_DEVICE_FAMILY = "1,2";
				TEST_HOST = "$(BUILT_PRODUCTS_DIR)/NotesFeed.app/$(BUNDLE_EXECUTABLE_FOLDER_PATH)/NotesFeed";
			};
			name = Release;
		};
		D2DD633E2F252A3A0070E6F7 /* Debug */ = {
			isa = XCBuildConfiguration;
			buildSettings = {
				ALWAYS_EMBED_SWIFT_STANDARD_LIBRARIES = YES;
				CODE_SIGN_STYLE = Automatic;
				CURRENT_PROJECT_VERSION = 1;
				DEVELOPMENT_TEAM = NTE4HBA2U8;
				GENERATE_INFOPLIST_FILE = YES;
				MARKETING_VERSION = 1.0;
				PRODUCT_BUNDLE_IDENTIFIER = com.klsandbox.NotesFeedUITests;
				PRODUCT_NAME = "$(TARGET_NAME)";
				SWIFT_EMIT_LOC_STRINGS = NO;
				SWIFT_VERSION = 5.0;
				TARGETED_DEVICE_FAMILY = "1,2";
				TEST_TARGET_NAME = NotesFeed;
			};
			name = Debug;
		};
		D2DD633F2F252A3A0070E6F7 /* Release */ = {
			isa = XCBuildConfiguration;
			buildSettings = {
				ALWAYS_EMBED_SWIFT_STANDARD_LIBRARIES = YES;
				CODE_SIGN_STYLE = Automatic;
				CURRENT_PROJECT_VERSION = 1;
				DEVELOPMENT_TEAM = NTE4HBA2U8;
				GENERATE_INFOPLIST_FILE = YES;
				MARKETING_VERSION = 1.0;
				PRODUCT_BUNDLE_IDENTIFIER = com.klsandbox.NotesFeedUITests;
				PRODUCT_NAME = "$(TARGET_NAME)";
				SWIFT_EMIT_LOC_STRINGS = NO;
				SWIFT_VERSION = 5.0;
				TARGETED_DEVICE_FAMILY = "1,2";
				TEST_TARGET_NAME = NotesFeed;
			};
			name = Release;
		};
/* End XCBuildConfiguration section */

/* Begin XCConfigurationList section */
		D2DD630E2F252A360070E6F7 /* Build configuration list for PBXProject "NotesFeed" */ = {
			isa = XCConfigurationList;
			buildConfigurations = (
				D2DD63352F252A3A0070E6F7 /* Debug */,
				D2DD63362F252A3A0070E6F7 /* Release */,
			);
			defaultConfigurationIsVisible = 0;
			defaultConfigurationName = Release;
		};
		D2DD63372F252A3A0070E6F7 /* Build configuration list for PBXNativeTarget "NotesFeed" */ = {
			isa = XCConfigurationList;
			buildConfigurations = (
				D2DD63382F252A3A0070E6F7 /* Debug */,
				D2DD63392F252A3A0070E6F7 /* Release */,
			);
			defaultConfigurationIsVisible = 0;
			defaultConfigurationName = Release;
		};
		D2DD633A2F252A3A0070E6F7 /* Build configuration list for PBXNativeTarget "NotesFeedTests" */ = {
			isa = XCConfigurationList;
			buildConfigurations = (
				D2DD633B2F252A3A0070E6F7 /* Debug */,
				D2DD633C2F252A3A0070E6F7 /* Release */,
			);
			defaultConfigurationIsVisible = 0;
			defaultConfigurationName = Release;
		};
		D2DD633D2F252A3A0070E6F7 /* Build configuration list for PBXNativeTarget "NotesFeedUITests" */ = {
			isa = XCConfigurationList;
			buildConfigurations = (
				D2DD633E2F252A3A0070E6F7 /* Debug */,
				D2DD633F2F252A3A0070E6F7 /* Release */,
			);
			defaultConfigurationIsVisible = 0;
			defaultConfigurationName = Release;
		};
/* End XCConfigurationList section */
	};
	rootObject = D2DD630B2F252A360070E6F7 /* Project object */;
}
